
Microsoft Visual Studio Solution File, Format Version 12.00
# Visual Studio Version 17
VisualStudioVersion = 17.8.34316.72
MinimumVisualStudioVersion = 10.0.40219.1
Project("{FAE04EC0-301F-11D3-BF4B-00C04F79EFBC}") = "RadiusPlayground", "RadiusPlayground\RadiusPlayground.csproj", "{168DCFAD-56B5-46EA-A077-FCC361DFED96}"
EndProject
Project("{FAE04EC0-301F-11D3-BF4B-00C04F79EFBC}") = "Radius", "Radius\Radius.csproj", "{D07607C0-A7A4-4527-A525-308A7360E76B}"
EndProject
Global
	GlobalSection(SolutionConfigurationPlatforms) = preSolution
		Debug|Any CPU = Debug|Any CPU
		Release|Any CPU = Release|Any CPU
	EndGlobalSection
	GlobalSection(ProjectConfigurationPlatforms) = postSolution
		{168DCFAD-56B5-46EA-A077-FCC361DFED96}.Debug|Any CPU.ActiveCfg = Debug|Any CPU
		{168DCFAD-56B5-46EA-A077-FCC361DFED96}.Debug|Any CPU.Build.0 = Debug|Any CPU
		{168DCFAD-56B5-46EA-A077-FCC361DFED96}.Release|Any CPU.ActiveCfg = Release|Any CPU
		{168DCFAD-56B5-46EA-A077-FCC361DFED96}.Release|Any CPU.Build.0 = Release|Any CPU
		{D07607C0-A7A4-4527-A525-308A7360E76B}.Debug|Any CPU.ActiveCfg = Debug|Any CPU
		{D07607C0-A7A4-4527-A525-308A7360E76B}.Debug|Any CPU.Build.0 = Debug|Any CPU
		{D07607C0-A7A4-4527-A525-308A7360E76B}.Release|Any CPU.ActiveCfg = Release|Any CPU
		{D07607C0-A7A4-4527-A525-308A7360E76B}.Release|Any CPU.Build.0 = Release|Any CPU
	EndGlobalSection
	GlobalSection(SolutionProperties) = preSolution
		HideSolutionNode = FALSE
	EndGlobalSection
	GlobalSection(ExtensibilityGlobals) = postSolution
		SolutionGuid = {13C0463D-19A9-4C38-89C2-1446E78FA6BA}
	EndGlobalSection
EndGlobal
